
Microsoft Visual Studio Solution File, Format Version 12.00
# Visual Studio Version 17
VisualStudioVersion = 17.10.35013.160
MinimumVisualStudioVersion = 10.0.40219.1
Project("{FAE04EC0-301F-11D3-BF4B-00C04F79EFBC}") = "Green Basket", "Green Basket\Green Basket.csproj", "{82081E30-9859-4C87-8DCF-CD2E37C7485F}"
EndProject
Global
	GlobalSection(SolutionConfigurationPlatforms) = preSolution
		Debug|Any CPU = Debug|Any CPU
		Release|Any CPU = Release|Any CPU
	EndGlobalSection
	GlobalSection(ProjectConfigurationPlatforms) = postSolution
		{82081E30-9859-4C87-8DCF-CD2E37C7485F}.Debug|Any CPU.ActiveCfg = Debug|Any CPU
		{82081E30-9859-4C87-8DCF-CD2E37C7485F}.Debug|Any CPU.Build.0 = Debug|Any CPU
		{82081E30-9859-4C87-8DCF-CD2E37C7485F}.Release|Any CPU.ActiveCfg = Release|Any CPU
		{82081E30-9859-4C87-8DCF-CD2E37C7485F}.Release|Any CPU.Build.0 = Release|Any CPU
	EndGlobalSection
	GlobalSection(SolutionProperties) = preSolution
		HideSolutionNode = FALSE
	EndGlobalSection
	GlobalSection(ExtensibilityGlobals) = postSolution
		SolutionGuid = {192CE335-2978-4E38-849B-0D807D6C377B}
	EndGlobalSection
EndGlobal
